{
  "nodes": {
    "home-manager": {
      "inputs": {
        "nixpkgs": [
          "nixpkgs"
        ]
      },
      "locked": {
        "lastModified": 1622792670,
        "narHash": "sha256-GLmBd1uBC0XgupoxkwJyJEtUvM8d6hfLFXqExbtRD9Y=",
        "owner": "LavaDesu",
        "repo": "home-manager",
        "rev": "3ce1ab8ff24cad4cc465c285bb2631126ecd4e51",
        "type": "github"
      },
      "original": {
        "owner": "LavaDesu",
        "ref": "xsession-profilePath",
        "repo": "home-manager",
        "type": "github"
      }
    },
    "nixpkgs": {
      "locked": {
        "lastModified": 1622103435,
        "narHash": "sha256-5i5mGg402AANnSRQmWVo7lqiyw3taoMwX26oslOD9c4=",
        "owner": "NixOS",
        "repo": "nixpkgs",
        "rev": "5658fadedb748cb0bdbcb569a53bd6065a5704a9",
        "type": "github"
      },
      "original": {
        "owner": "NixOS",
        "ref": "nixos-unstable",
        "repo": "nixpkgs",
        "type": "github"
      }
    },
    "root": {
      "inputs": {
        "home-manager": "home-manager",
        "nixpkgs": "nixpkgs",
        "secrets": "secrets"
      }
    },
    "secrets": {
      "locked": {
        "lastModified": 1621557628,
        "narHash": "sha256-exoyO1kp/2Pheentn1MPHU9gbx/wtbkPay3aoC0ooOM=",
        "owner": "LavaDesu",
        "repo": "flakes-secrets",
        "rev": "365392dd012cb896fcbbedbd8b05ad91fcf0b56a",
        "type": "github"
      },
      "original": {
        "owner": "LavaDesu",
        "repo": "flakes-secrets",
        "type": "github"
      }
    }
  },
  "root": "root",
  "version": 7
}
