{
  "nodes": {
    "agenix": {
      "inputs": {
        "nixpkgs": [
          "nixpkgs"
        ]
      },
      "locked": {
        "lastModified": 1665870395,
        "narHash": "sha256-Tsbqb27LDNxOoPLh0gw2hIb6L/6Ow/6lIBvqcHzEKBI=",
        "owner": "ryantm",
        "repo": "agenix",
        "rev": "a630400067c6d03c9b3e0455347dc8559db14288",
        "type": "github"
      },
      "original": {
        "owner": "ryantm",
        "repo": "agenix",
        "type": "github"
      }
    },
    "discord-tokyonight": {
      "flake": false,
      "locked": {
        "lastModified": 1632310328,
        "narHash": "sha256-LcxXTGdo6ZW5glECkH5vgLWAYMZ3ez/3USc059dR9cE=",
        "owner": "DanisDGK",
        "repo": "zelk-customizations",
        "rev": "c5ed0be3f2dd4421c42a4c62d28fc52d18c68ef1",
        "type": "github"
      },
      "original": {
        "owner": "DanisDGK",
        "repo": "zelk-customizations",
        "type": "github"
      }
    },
    "discover": {
      "flake": false,
      "locked": {
        "lastModified": 1666976749,
        "narHash": "sha256-72gojSFMj8LftQLBnyVIORiZhIuaK66+5a0hg3MAbG0=",
        "owner": "trigg",
        "repo": "Discover",
        "rev": "1a8ffdad78c8fd215465acd3dcd271375bcae76e",
        "type": "github"
      },
      "original": {
        "owner": "trigg",
        "repo": "Discover",
        "type": "github"
      }
    },
    "fast-syntax-highlighting": {
      "flake": false,
      "locked": {
        "lastModified": 1668912623,
        "narHash": "sha256-wLpgkX53wzomHMEpymvWE86EJfxlIb3S8TPy74WOBD4=",
        "owner": "zdharma-continuum",
        "repo": "fast-syntax-highlighting",
        "rev": "7c390ee3bfa8069b8519582399e0a67444e6ea61",
        "type": "github"
      },
      "original": {
        "owner": "zdharma-continuum",
        "repo": "fast-syntax-highlighting",
        "type": "github"
      }
    },
    "flake-compat": {
      "flake": false,
      "locked": {
        "lastModified": 1668681692,
        "narHash": "sha256-Ht91NGdewz8IQLtWZ9LCeNXMSXHUss+9COoqu6JLmXU=",
        "owner": "edolstra",
        "repo": "flake-compat",
        "rev": "009399224d5e398d03b22badca40a37ac85412a1",
        "type": "github"
      },
      "original": {
        "owner": "edolstra",
        "repo": "flake-compat",
        "type": "github"
      }
    },
    "flake-utils": {
      "locked": {
        "lastModified": 1667395993,
        "narHash": "sha256-nuEHfE/LcWyuSWnS8t12N1wc105Qtau+/OdUAjtQ0rA=",
        "owner": "numtide",
        "repo": "flake-utils",
        "rev": "5aed5285a952e0b949eb3ba02c12fa4fcfef535f",
        "type": "github"
      },
      "original": {
        "owner": "numtide",
        "repo": "flake-utils",
        "type": "github"
      }
    },
    "flake-utils_2": {
      "locked": {
        "lastModified": 1659877975,
        "narHash": "sha256-zllb8aq3YO3h8B/U0/J1WBgAL8EX5yWf5pMj3G0NAmc=",
        "owner": "numtide",
        "repo": "flake-utils",
        "rev": "c0e246b9b83f637f4681389ecabcb2681b4f3af0",
        "type": "github"
      },
      "original": {
        "owner": "numtide",
        "repo": "flake-utils",
        "type": "github"
      }
    },
    "home-manager": {
      "inputs": {
        "nixpkgs": [
          "nixpkgs"
        ],
        "utils": "utils"
      },
      "locked": {
        "lastModified": 1671966569,
        "narHash": "sha256-jbLgfSnmLchARBNFRvCic63CFQ9LAyvlXnBpc2kwjQc=",
        "owner": "nix-community",
        "repo": "home-manager",
        "rev": "c55fa26ce05fee8e063db22918d05a73d430b2ea",
        "type": "github"
      },
      "original": {
        "owner": "nix-community",
        "repo": "home-manager",
        "type": "github"
      }
    },
    "home-manager-raccoon": {
      "inputs": {
        "nixpkgs": [
          "nixpkgs-raccoon"
        ],
        "utils": "utils_2"
      },
      "locked": {
        "lastModified": 1670253003,
        "narHash": "sha256-/tJIy4+FbsQyslq1ipyicZ2psOEd8dvl4OJ9lfisjd0=",
        "owner": "nix-community",
        "repo": "home-manager",
        "rev": "0e8125916b420e41bf0d23a0aa33fadd0328beb3",
        "type": "github"
      },
      "original": {
        "owner": "nix-community",
        "ref": "release-22.11",
        "repo": "home-manager",
        "type": "github"
      }
    },
    "hosts-blocklists": {
      "flake": false,
      "locked": {
        "lastModified": 1672219207,
        "narHash": "sha256-+Eclxu62pEph60NhMulFmheVvSB1IuC06eAO/vlC2Y4=",
        "owner": "notracking",
        "repo": "hosts-blocklists",
        "rev": "6941c8e7998079667850b116ea6e0316b5f38e10",
        "type": "github"
      },
      "original": {
        "owner": "notracking",
        "repo": "hosts-blocklists",
        "type": "github"
      }
    },
    "linux-tkg": {
      "flake": false,
      "locked": {
        "lastModified": 1672090136,
        "narHash": "sha256-C//urS4JniIaFZOxDyCZBgbP4fkBJyeXdqyM64PJ444=",
        "owner": "Frogging-Family",
        "repo": "linux-tkg",
        "rev": "12ff2a498fc06be1c0988729e98fce82c27a4197",
        "type": "github"
      },
      "original": {
        "owner": "Frogging-Family",
        "repo": "linux-tkg",
        "type": "github"
      }
    },
    "neovim-flake": {
      "inputs": {
        "flake-utils": "flake-utils",
        "nixpkgs": [
          "neovim-nightly",
          "nixpkgs"
        ]
      },
      "locked": {
        "dir": "contrib",
        "lastModified": 1672215132,
        "narHash": "sha256-KygNY7mTxySQ40zEsWh7p3toGM64ViHf8q3NXaZ4ENY=",
        "owner": "neovim",
        "repo": "neovim",
        "rev": "a731a40f78a407387fd60589e39bda960bdf5f1b",
        "type": "github"
      },
      "original": {
        "dir": "contrib",
        "owner": "neovim",
        "repo": "neovim",
        "type": "github"
      }
    },
    "neovim-nightly": {
      "inputs": {
        "flake-compat": "flake-compat",
        "neovim-flake": "neovim-flake",
        "nixpkgs": [
          "nixpkgs"
        ]
      },
      "locked": {
        "lastModified": 1672215243,
        "narHash": "sha256-ChgJmbTGzWGdmvkQDQ/0goTbpQchoI/fvJfJHxkbo9I=",
        "owner": "nix-community",
        "repo": "neovim-nightly-overlay",
        "rev": "64b53e2370c97f5b4e3b4cda95a625a09f921aa7",
        "type": "github"
      },
      "original": {
        "owner": "nix-community",
        "repo": "neovim-nightly-overlay",
        "type": "github"
      }
    },
    "nix-gaming": {
      "inputs": {
        "nixpkgs": "nixpkgs"
      },
      "locked": {
        "lastModified": 1671809368,
        "narHash": "sha256-K9shKJpsfH7wuM15mj4+UBT13vUDv0l5porLgfpU40E=",
        "owner": "fufexan",
        "repo": "nix-gaming",
        "rev": "7c272d85557b9e4f0a210025ebf3800ecaa22e00",
        "type": "github"
      },
      "original": {
        "owner": "fufexan",
        "repo": "nix-gaming",
        "type": "github"
      }
    },
    "nixlib": {
      "locked": {
        "lastModified": 1636849918,
        "narHash": "sha256-nzUK6dPcTmNVrgTAC1EOybSMsrcx+QrVPyqRdyKLkjA=",
        "owner": "nix-community",
        "repo": "nixpkgs.lib",
        "rev": "28a5b0557f14124608db68d3ee1f77e9329e9dd5",
        "type": "github"
      },
      "original": {
        "owner": "nix-community",
        "repo": "nixpkgs.lib",
        "type": "github"
      }
    },
    "nixos-generators": {
      "inputs": {
        "nixlib": "nixlib",
        "nixpkgs": [
          "nixpkgs"
        ]
      },
      "locked": {
        "lastModified": 1671355134,
        "narHash": "sha256-ZtnUWTDDyFog+NQBjZpnhgPdj3gHp5ImxFVWy+ObNno=",
        "owner": "nix-community",
        "repo": "nixos-generators",
        "rev": "64a96ca8621d03cb3889daf0d3ff58d8209e3e0c",
        "type": "github"
      },
      "original": {
        "owner": "nix-community",
        "repo": "nixos-generators",
        "type": "github"
      }
    },
    "nixos-hardware": {
      "locked": {
        "lastModified": 1671631481,
        "narHash": "sha256-LP6NvQQNKdqDpXngECo6oCiWfYRb0KPGM5+D5lu7mPw=",
        "owner": "NixOS",
        "repo": "nixos-hardware",
        "rev": "9577ab1eaf01a738b015a7a7ab2a4616e158b6cd",
        "type": "github"
      },
      "original": {
        "owner": "NixOS",
        "repo": "nixos-hardware",
        "type": "github"
      }
    },
    "nixpkgs": {
      "locked": {
        "lastModified": 1663491030,
        "narHash": "sha256-MVsfBhE9US5DvLtBAaTRjwYdv1tLO8xjahM8qLXTgTo=",
        "owner": "NixOS",
        "repo": "nixpkgs",
        "rev": "767542707d394ff15ac1981e903e005ba69528b5",
        "type": "github"
      },
      "original": {
        "owner": "NixOS",
        "ref": "nixpkgs-unstable",
        "repo": "nixpkgs",
        "type": "github"
      }
    },
    "nixpkgs-raccoon": {
      "locked": {
        "lastModified": 1671883564,
        "narHash": "sha256-C15oAtyupmLB3coZY7qzEHXjhtUx/+77olVdqVMruAg=",
        "owner": "NixOS",
        "repo": "nixpkgs",
        "rev": "dac57a4eccf1442e8bf4030df6fcbb55883cb682",
        "type": "github"
      },
      "original": {
        "owner": "NixOS",
        "ref": "nixos-22.11",
        "repo": "nixpkgs",
        "type": "github"
      }
    },
    "nixpkgs_2": {
      "locked": {
        "lastModified": 1664945523,
        "narHash": "sha256-2vgnMPBqt7JbaTWCnuCz3BrHf4JFpOLA9eADGYwRvzk=",
        "owner": "LavaDesu",
        "repo": "nixpkgs",
        "rev": "a8a3e6e8067e8b9fe33dc5f78090a7fe5cfe37cd",
        "type": "github"
      },
      "original": {
        "owner": "LavaDesu",
        "ref": "laba/remove-mono",
        "repo": "nixpkgs",
        "type": "github"
      }
    },
    "nvim-treesitter": {
      "flake": false,
      "locked": {
        "lastModified": 1672160412,
        "narHash": "sha256-qB5JqVZbzFiscTrUDKh7PjeitMc2hN9Hf/8CVbil9SQ=",
        "owner": "nvim-treesitter",
        "repo": "nvim-treesitter",
        "rev": "fb36ed4c9e962d9fbfa608cd4a5d9313b1e8a8b1",
        "type": "github"
      },
      "original": {
        "owner": "nvim-treesitter",
        "repo": "nvim-treesitter",
        "type": "github"
      }
    },
    "packwiz": {
      "flake": false,
      "locked": {
        "lastModified": 1670938070,
        "narHash": "sha256-iA5IBWiyuIs9ko3EVKBC2XOTVc26IvSpNvtSpQqAkN8=",
        "owner": "comp500",
        "repo": "packwiz",
        "rev": "a25a651748cb3c27bd0ac6742141b4d9a50afbb7",
        "type": "github"
      },
      "original": {
        "owner": "comp500",
        "repo": "packwiz",
        "type": "github"
      }
    },
    "pure": {
      "flake": false,
      "locked": {
        "lastModified": 1662952498,
        "narHash": "sha256-e1D+9EejlVZxOyErg6eRgawth5gAhv6KpgjhK06ErZc=",
        "owner": "sindresorhus",
        "repo": "pure",
        "rev": "47c0c881f0e7cfdb5eaccd335f52ad17b897c060",
        "type": "github"
      },
      "original": {
        "owner": "sindresorhus",
        "repo": "pure",
        "type": "github"
      }
    },
    "root": {
      "inputs": {
        "agenix": "agenix",
        "discord-tokyonight": "discord-tokyonight",
        "discover": "discover",
        "fast-syntax-highlighting": "fast-syntax-highlighting",
        "home-manager": "home-manager",
        "home-manager-raccoon": "home-manager-raccoon",
        "hosts-blocklists": "hosts-blocklists",
        "linux-tkg": "linux-tkg",
        "neovim-nightly": "neovim-nightly",
        "nix-gaming": "nix-gaming",
        "nixos-generators": "nixos-generators",
        "nixos-hardware": "nixos-hardware",
        "nixpkgs": "nixpkgs_2",
        "nixpkgs-raccoon": "nixpkgs-raccoon",
        "nvim-treesitter": "nvim-treesitter",
        "packwiz": "packwiz",
        "pure": "pure",
        "rust-overlay": "rust-overlay",
        "spotify-adblock": "spotify-adblock",
        "tree-sitter-glimmer": "tree-sitter-glimmer",
        "tree-sitter-jsonc": "tree-sitter-jsonc",
        "website": "website",
        "wine-discord-ipc-bridge": "wine-discord-ipc-bridge",
        "zsh-abbr": "zsh-abbr",
        "zsh-history-substring-search": "zsh-history-substring-search"
      }
    },
    "rust-overlay": {
      "inputs": {
        "flake-utils": "flake-utils_2",
        "nixpkgs": [
          "nixpkgs"
        ]
      },
      "locked": {
        "lastModified": 1672194128,
        "narHash": "sha256-7xRHQRkrYjsRxowLTl0ShfT2H5xaN82Je/xtRmMd4oc=",
        "owner": "oxalica",
        "repo": "rust-overlay",
        "rev": "bb9fef79d831cc3c1bfdda2bb72e69706d1ab168",
        "type": "github"
      },
      "original": {
        "owner": "oxalica",
        "repo": "rust-overlay",
        "type": "github"
      }
    },
    "spotify-adblock": {
      "flake": false,
      "locked": {
        "lastModified": 1650882246,
        "narHash": "sha256-YGD3ymBZ2yT3vrcPRS9YXcljGNczJ1vCvAXz/k16r9Y=",
        "owner": "abba23",
        "repo": "spotify-adblock",
        "rev": "9ba383b7b41c25c960e91732590ec45be0ff4e73",
        "type": "github"
      },
      "original": {
        "owner": "abba23",
        "repo": "spotify-adblock",
        "type": "github"
      }
    },
    "tree-sitter-glimmer": {
      "flake": false,
      "locked": {
        "lastModified": 1670494157,
        "narHash": "sha256-a3goK+QSkrdsKvimT8vpsJ1bt8FhLf1bws0aqjncv3A=",
        "owner": "alexlafroscia",
        "repo": "tree-sitter-glimmer",
        "rev": "fee34278dc212869dcfc92fce3007ee79a752867",
        "type": "github"
      },
      "original": {
        "owner": "alexlafroscia",
        "repo": "tree-sitter-glimmer",
        "type": "github"
      }
    },
    "tree-sitter-jsonc": {
      "flake": false,
      "locked": {
        "lastModified": 1615145540,
        "narHash": "sha256-iWc2ePRiQnZ0FEdMAaAwa3iYt/SY0bEjQrZyqE9EhlU=",
        "owner": "WhyNotHugo",
        "repo": "tree-sitter-jsonc",
        "rev": "02b01653c8a1c198ae7287d566efa86a135b30d5",
        "type": "gitlab"
      },
      "original": {
        "owner": "WhyNotHugo",
        "repo": "tree-sitter-jsonc",
        "type": "gitlab"
      }
    },
    "utils": {
      "locked": {
        "lastModified": 1667395993,
        "narHash": "sha256-nuEHfE/LcWyuSWnS8t12N1wc105Qtau+/OdUAjtQ0rA=",
        "owner": "numtide",
        "repo": "flake-utils",
        "rev": "5aed5285a952e0b949eb3ba02c12fa4fcfef535f",
        "type": "github"
      },
      "original": {
        "owner": "numtide",
        "repo": "flake-utils",
        "type": "github"
      }
    },
    "utils_2": {
      "locked": {
        "lastModified": 1667395993,
        "narHash": "sha256-nuEHfE/LcWyuSWnS8t12N1wc105Qtau+/OdUAjtQ0rA=",
        "owner": "numtide",
        "repo": "flake-utils",
        "rev": "5aed5285a952e0b949eb3ba02c12fa4fcfef535f",
        "type": "github"
      },
      "original": {
        "owner": "numtide",
        "repo": "flake-utils",
        "type": "github"
      }
    },
    "website": {
      "flake": false,
      "locked": {
        "lastModified": 1668017714,
        "narHash": "sha256-ywy/7xeT6FHkF7lcs+stW1WPV+piE8ztSwcQ161iico=",
        "owner": "LavaDesu",
        "repo": "lavadesu.github.io",
        "rev": "4e30c50be520a0a1bbecf408f056e6aaf135df67",
        "type": "github"
      },
      "original": {
        "owner": "LavaDesu",
        "ref": "master",
        "repo": "lavadesu.github.io",
        "type": "github"
      }
    },
    "wine-discord-ipc-bridge": {
      "flake": false,
      "locked": {
        "lastModified": 1658702597,
        "narHash": "sha256-9Wd2QUm/pvhTyUc1XPEaSquIu4uReHfPeHsFFq2QOrA=",
        "owner": "0e4ef622",
        "repo": "wine-discord-ipc-bridge",
        "rev": "45e66f9699e0ac6ba5fdef32a6b150ca49fb2303",
        "type": "github"
      },
      "original": {
        "owner": "0e4ef622",
        "repo": "wine-discord-ipc-bridge",
        "type": "github"
      }
    },
    "zsh-abbr": {
      "flake": false,
      "locked": {
        "lastModified": 1672200737,
        "narHash": "sha256-w9KDyrTruQLNcexkxgXOvtcd+6GkqBAwAcOkyQhbTD8=",
        "owner": "olets",
        "repo": "zsh-abbr",
        "rev": "a49dd2c5c097eb61e56e679990d343b22d9b5fed",
        "type": "github"
      },
      "original": {
        "owner": "olets",
        "repo": "zsh-abbr",
        "type": "github"
      }
    },
    "zsh-history-substring-search": {
      "flake": false,
      "locked": {
        "lastModified": 1627971553,
        "narHash": "sha256-8kiPBtgsjRDqLWt0xGJ6vBBLqCWEIyFpYfd+s1prHWk=",
        "owner": "zsh-users",
        "repo": "zsh-history-substring-search",
        "rev": "4abed97b6e67eb5590b39bcd59080aa23192f25d",
        "type": "github"
      },
      "original": {
        "owner": "zsh-users",
        "repo": "zsh-history-substring-search",
        "type": "github"
      }
    }
  },
  "root": "root",
  "version": 7
}
