{
  "nodes": {
    "fast-syntax-highlighting": {
      "flake": false,
      "locked": {
        "lastModified": 1621022231,
        "narHash": "sha256-rHdOnA0Y/i/ISDlriGrGDXr5rD2nZ4T7iuG7PFUVIFQ=",
        "owner": "zdharma",
        "repo": "fast-syntax-highlighting",
        "rev": "817916dfa907d179f0d46d8de355e883cf67bd97",
        "type": "github"
      },
      "original": {
        "owner": "zdharma",
        "repo": "fast-syntax-highlighting",
        "type": "github"
      }
    },
    "flake-compat": {
      "flake": false,
      "locked": {
        "lastModified": 1606424373,
        "narHash": "sha256-oq8d4//CJOrVj+EcOaSXvMebvuTkmBJuT5tzlfewUnQ=",
        "owner": "edolstra",
        "repo": "flake-compat",
        "rev": "99f1c2157fba4bfe6211a321fd0ee43199025dbf",
        "type": "github"
      },
      "original": {
        "owner": "edolstra",
        "repo": "flake-compat",
        "type": "github"
      }
    },
    "flake-utils": {
      "locked": {
        "lastModified": 1610051610,
        "narHash": "sha256-U9rPz/usA1/Aohhk7Cmc2gBrEEKRzcW4nwPWMPwja4Y=",
        "owner": "numtide",
        "repo": "flake-utils",
        "rev": "3982c9903e93927c2164caa727cd3f6a0e6d14cc",
        "type": "github"
      },
      "original": {
        "owner": "numtide",
        "repo": "flake-utils",
        "type": "github"
      }
    },
    "home-manager": {
      "inputs": {
        "nixpkgs": [
          "nixpkgs"
        ]
      },
      "locked": {
        "lastModified": 1626073055,
        "narHash": "sha256-vocByfpVu6m9zvtJugDvmd6/9iT2HJuG4tmDICKd0lI=",
        "owner": "nix-community",
        "repo": "home-manager",
        "rev": "775cb20bd4af7781fbf336fb201df02ee3d544bb",
        "type": "github"
      },
      "original": {
        "owner": "nix-community",
        "repo": "home-manager",
        "type": "github"
      }
    },
    "neovim-flake": {
      "inputs": {
        "flake-utils": "flake-utils",
        "nixpkgs": [
          "nixpkgs"
        ]
      },
      "locked": {
        "dir": "contrib",
        "lastModified": 1625818518,
        "narHash": "sha256-ZF/gzwCQ/r6Yiq4fZe7DT/pQio6pO8HfJhB0Z+DJgn8=",
        "owner": "neovim",
        "repo": "neovim",
        "rev": "1c416892879de6b78038f2cc2f1487eff46abb60",
        "type": "github"
      },
      "original": {
        "dir": "contrib",
        "owner": "neovim",
        "repo": "neovim",
        "type": "github"
      }
    },
    "neovim-nightly": {
      "inputs": {
        "flake-compat": "flake-compat",
        "neovim-flake": "neovim-flake",
        "nixpkgs": [
          "nixpkgs"
        ]
      },
      "locked": {
        "lastModified": 1625818601,
        "narHash": "sha256-Yp/wapoOHrypGvqWppoB3Yu5w7IZvjVn4ppMfmjbWxA=",
        "owner": "nix-community",
        "repo": "neovim-nightly-overlay",
        "rev": "ad6fda0e81cd8dab6326dc1a45b11024ebcda5c2",
        "type": "github"
      },
      "original": {
        "owner": "nix-community",
        "repo": "neovim-nightly-overlay",
        "type": "github"
      }
    },
    "nixpkgs": {
      "locked": {
        "lastModified": 1626221774,
        "narHash": "sha256-in6vs5BcFs1XTC6NS7K8KtyYMB58ks5LtXV2LjOT4Dc=",
        "owner": "NixOS",
        "repo": "nixpkgs",
        "rev": "a22d0fb4cf1dbee4ccf2fdc10e9f53aaafdb1128",
        "type": "github"
      },
      "original": {
        "owner": "NixOS",
        "repo": "nixpkgs",
        "type": "github"
      }
    },
    "pure": {
      "flake": false,
      "locked": {
        "lastModified": 1626016475,
        "narHash": "sha256-6j6QZtsA5ZgfXthYjXRrND2zAJwZx0/6WRI1f3c+2mE=",
        "owner": "sindresorhus",
        "repo": "pure",
        "rev": "f4c6d79ba2417d63c8008b6acce628631fd462ec",
        "type": "github"
      },
      "original": {
        "owner": "sindresorhus",
        "repo": "pure",
        "type": "github"
      }
    },
    "root": {
      "inputs": {
        "fast-syntax-highlighting": "fast-syntax-highlighting",
        "home-manager": "home-manager",
        "neovim-nightly": "neovim-nightly",
        "nixpkgs": "nixpkgs",
        "pure": "pure",
        "secrets": "secrets",
        "zsh-abbr": "zsh-abbr",
        "zsh-history-substring-search": "zsh-history-substring-search"
      }
    },
    "secrets": {
      "locked": {
        "lastModified": 1621557628,
        "narHash": "sha256-exoyO1kp/2Pheentn1MPHU9gbx/wtbkPay3aoC0ooOM=",
        "owner": "LavaDesu",
        "repo": "flakes-secrets",
        "rev": "365392dd012cb896fcbbedbd8b05ad91fcf0b56a",
        "type": "github"
      },
      "original": {
        "owner": "LavaDesu",
        "repo": "flakes-secrets",
        "type": "github"
      }
    },
    "zsh-abbr": {
      "flake": false,
      "locked": {
        "lastModified": 1619965311,
        "narHash": "sha256-+oOk2ePd4/OjmRP245Kb5ku/R1PAQCI6IJth7GbcnwQ=",
        "owner": "olets",
        "repo": "zsh-abbr",
        "rev": "99af0455b7b86ff3894a4bcf73380be2d595fa54",
        "type": "github"
      },
      "original": {
        "owner": "olets",
        "repo": "zsh-abbr",
        "type": "github"
      }
    },
    "zsh-history-substring-search": {
      "flake": false,
      "locked": {
        "lastModified": 1557707754,
        "narHash": "sha256-Ptxik1r6anlP7QTqsN1S2Tli5lyRibkgGlVlwWZRG3k=",
        "owner": "zsh-users",
        "repo": "zsh-history-substring-search",
        "rev": "0f80b8eb3368b46e5e573c1d91ae69eb095db3fb",
        "type": "github"
      },
      "original": {
        "owner": "zsh-users",
        "repo": "zsh-history-substring-search",
        "type": "github"
      }
    }
  },
  "root": "root",
  "version": 7
}
